{
  "name": "@vln-devsecops/vlinder-auth-site-build",
  "version": "1.0.0",
  "lockfileVersion": 3,
  "requires": true,
  "packages": {
    "": {
      "name": "@vln-devsecops/vlinder-auth-site-build",
      "version": "1.0.0",
      "dependencies": {
        "@vln-devsecops/auth-site": "^1.0.31"
      }
    },
    "node_modules/@vln-devsecops/auth-site": {
      "version": "1.0.31",
      "resolved": "https://npm.pkg.github.com/download/@vln-devsecops/auth-site/1.0.31/74199502c99fc8069c29eecb2fb12f557e358279",
      "integrity": "sha512-/L04Hcio+/Uax5g6ADxdTVtCpphOAyq3EPQysfcSPM5/oXQunRmpDhpOIrEzy+0O5W8Ui2+H1n++vdsKlRydcw==",
      "license": "MIT"
    }
  }
}
