{
  "name": "@vln-devsecops/vlinder-auth-site-build",
  "version": "1.0.0",
  "lockfileVersion": 3,
  "requires": true,
  "packages": {
    "": {
      "name": "@vln-devsecops/vlinder-auth-site-build",
      "version": "1.0.0",
      "dependencies": {
        "@vln-devsecops/auth-site": "^1.0.29"
      }
    },
    "node_modules/@vln-devsecops/auth-site": {
      "version": "1.0.29",
      "resolved": "https://npm.pkg.github.com/download/@vln-devsecops/auth-site/1.0.29/b0cb93c385eab86505ae42b9fcb86b97c09cfd20",
      "integrity": "sha512-DOdnYeSYDR9Fg4hqzJgyrkb27tAfmtiAg69Atvl4PaQForPDica0I6ZOjZJZ8y8QrlcDlW6yym9kT9K+NIcFWw==",
      "license": "MIT"
    }
  }
}
