{
  "name": "@vln-devsecops/vlinder-auth-site-build",
  "version": "1.0.0",
  "lockfileVersion": 3,
  "requires": true,
  "packages": {
    "": {
      "name": "@vln-devsecops/vlinder-auth-site-build",
      "version": "1.0.0",
      "dependencies": {
        "@vln-devsecops/auth-site": "^1.0.0"
      }
    },
    "node_modules/@vln-devsecops/auth-site": {
      "version": "1.0.8",
      "resolved": "https://npm.pkg.github.com/download/@vln-devsecops/auth-site/1.0.8/23d2b8b83e5a3b7a59414b0de51208a133cb7ba5",
      "integrity": "sha512-gdOxHiRkHkdxinHA2k85MHzmY4WkoBYoJIa4pTcHd0VjYVMWwr5Eogv4niYdLAnawkBOimLzMeyaeAdPEe0XVw==",
      "license": "MIT"
    }
  }
}
